{
    "_readme": [
        "This file locks the dependencies of your project to a known state",
        "Read more about it at https://getcomposer.org/doc/01-basic-usage.md#installing-dependencies",
        "This file is @generated automatically"
    ],
    "content-hash": "f80de9e1e84ae960ff6e98b0fe7f1e97",
    "packages": [
        {
            "name": "acf/advanced-custom-fields-pro",
            "version": "5.9.0",
            "dist": {
                "type": "zip",
                "url": "https://composer.wp.dsd.io/dist/acf/advanced-custom-fields-pro/acf-advanced-custom-fields-pro-5.9.0.zip",
                "shasum": "6bb7818baa0e7cec664f774c106909a2483f9d3d"
            },
            "type": "wordpress-plugin"
        },
        {
            "name": "composer/installers",
            "version": "v1.0.25",
            "source": {
                "type": "git",
                "url": "https://github.com/composer/installers.git",
                "reference": "36e5b5843203d7f1cf6ffb0305a97e014387bd8e"
            },
            "dist": {
                "type": "zip",
                "url": "https://api.github.com/repos/composer/installers/zipball/36e5b5843203d7f1cf6ffb0305a97e014387bd8e",
                "reference": "36e5b5843203d7f1cf6ffb0305a97e014387bd8e",
                "shasum": ""
            },
            "require": {
                "composer-plugin-api": "^1.0"
            },
            "replace": {
                "roundcube/plugin-installer": "*",
                "shama/baton": "*"
            },
            "require-dev": {
                "composer/composer": "1.0.*@dev",
                "phpunit/phpunit": "4.1.*"
            },
            "type": "composer-plugin",
            "extra": {
                "class": "Composer\\Installers\\Plugin",
                "branch-alias": {
                    "dev-master": "1.0-dev"
                }
            },
            "autoload": {
                "psr-4": {
                    "Composer\\Installers\\": "src/Composer/Installers"
                }
            },
            "notification-url": "https://packagist.org/downloads/",
            "license": [
                "MIT"
            ],
            "authors": [
                {
                    "name": "Kyle Robinson Young",
                    "email": "kyle@dontkry.com",
                    "homepage": "https://github.com/shama"
                }
            ],
            "description": "A multi-framework Composer library installer",
            "homepage": "https://composer.github.io/installers/",
            "keywords": [
                "Craft",
                "Dolibarr",
                "Hurad",
                "ImageCMS",
                "MODX Evo",
                "Mautic",
                "OXID",
                "SMF",
                "Thelia",
                "WolfCMS",
                "agl",
                "aimeos",
                "annotatecms",
                "bitrix",
                "cakephp",
                "chef",
                "codeigniter",
                "concrete5",
                "croogo",
                "dokuwiki",
                "drupal",
                "elgg",
                "fuelphp",
                "grav",
                "installer",
                "joomla",
                "kohana",
                "laravel",
                "lithium",
                "magento",
                "mako",
                "mediawiki",
                "modulework",
                "moodle",
                "phpbb",
                "piwik",
                "ppi",
                "puppet",
                "roundcube",
                "shopware",
                "silverstripe",
                "symfony",
                "typo3",
                "wordpress",
                "zend",
                "zikula"
            ],
            "time": "2016-04-13T19:46:30+00:00"
        },
        {
            "name": "johnpbloch/wordpress",
            "version": "5.5.3",
            "source": {
                "type": "git",
                "url": "https://github.com/johnpbloch/wordpress.git",
                "reference": "f706595a0be04446e1c6c4ff984be414d1a3064b"
            },
            "dist": {
                "type": "zip",
                "url": "https://api.github.com/repos/johnpbloch/wordpress/zipball/f706595a0be04446e1c6c4ff984be414d1a3064b",
                "reference": "f706595a0be04446e1c6c4ff984be414d1a3064b",
                "shasum": ""
            },
            "require": {
                "johnpbloch/wordpress-core": "5.5.3",
                "johnpbloch/wordpress-core-installer": "^1.0 || ^2.0",
                "php": ">=5.6.20"
            },
            "type": "package",
            "notification-url": "https://packagist.org/downloads/",
            "license": [
                "GPL-2.0+"
            ],
            "authors": [
                {
                    "name": "WordPress Community",
                    "homepage": "http://wordpress.org/about/"
                }
            ],
            "description": "WordPress is open source software you can use to create a beautiful website, blog, or app.",
            "homepage": "http://wordpress.org/",
            "keywords": [
                "blog",
                "cms",
                "wordpress"
            ],
            "time": "2020-10-30T20:48:17+00:00"
        },
        {
            "name": "johnpbloch/wordpress-core",
            "version": "5.5.3",
            "source": {
                "type": "git",
                "url": "https://github.com/johnpbloch/wordpress-core.git",
                "reference": "6f25ae53f3d4058f8dd702c097d5a4a45667af61"
            },
            "dist": {
                "type": "zip",
                "url": "https://api.github.com/repos/johnpbloch/wordpress-core/zipball/6f25ae53f3d4058f8dd702c097d5a4a45667af61",
                "reference": "6f25ae53f3d4058f8dd702c097d5a4a45667af61",
                "shasum": ""
            },
            "require": {
                "ext-json": "*",
                "php": ">=5.6.20"
            },
            "provide": {
                "wordpress/core-implementation": "5.5.3"
            },
            "type": "wordpress-core",
            "notification-url": "https://packagist.org/downloads/",
            "license": [
                "GPL-2.0-or-later"
            ],
            "authors": [
                {
                    "name": "WordPress Community",
                    "homepage": "https://wordpress.org/about/"
                }
            ],
            "description": "WordPress is open source software you can use to create a beautiful website, blog, or app.",
            "homepage": "https://wordpress.org/",
            "keywords": [
                "blog",
                "cms",
                "wordpress"
            ],
            "time": "2020-10-30T20:48:12+00:00"
        },
        {
            "name": "johnpbloch/wordpress-core-installer",
            "version": "2.0.0",
            "source": {
                "type": "git",
                "url": "https://github.com/johnpbloch/wordpress-core-installer.git",
                "reference": "237faae9a60a4a2e1d45dce1a5836ffa616de63e"
            },
            "dist": {
                "type": "zip",
                "url": "https://api.github.com/repos/johnpbloch/wordpress-core-installer/zipball/237faae9a60a4a2e1d45dce1a5836ffa616de63e",
                "reference": "237faae9a60a4a2e1d45dce1a5836ffa616de63e",
                "shasum": ""
            },
            "require": {
                "composer-plugin-api": "^1.0 || ^2.0",
                "php": ">=5.6.0"
            },
            "conflict": {
                "composer/installers": "<1.0.6"
            },
            "require-dev": {
                "composer/composer": "^1.0 || ^2.0",
                "phpunit/phpunit": ">=5.7.27"
            },
            "type": "composer-plugin",
            "extra": {
                "class": "johnpbloch\\Composer\\WordPressCorePlugin"
            },
            "autoload": {
                "psr-0": {
                    "johnpbloch\\Composer\\": "src/"
                }
            },
            "notification-url": "https://packagist.org/downloads/",
            "license": [
                "GPL-2.0-or-later"
            ],
            "authors": [
                {
                    "name": "John P. Bloch",
                    "email": "me@johnpbloch.com"
                }
            ],
            "description": "A custom installer to handle deploying WordPress with composer",
            "keywords": [
                "wordpress"
            ],
            "time": "2020-04-16T21:44:57+00:00"
        },
        {
            "name": "koodimonni-language/core-en_gb",
            "version": "5.5.1",
            "dist": {
                "type": "zip",
                "url": "https://downloads.wordpress.org/translation/core/5.5.1/en_GB.zip"
            },
            "require": {
                "koodimonni/composer-dropin-installer": ">=0.2.3"
            },
            "type": "wordpress-language",
            "description": "Wordpress core translation for English (UK) - en_gb",
            "keywords": [
                "Translation",
                "Wordpress",
                "core",
                "en_gb"
            ]
        },
        {
            "name": "koodimonni/composer-dropin-installer",
            "version": "1.3",
            "source": {
                "type": "git",
                "url": "https://github.com/Koodimonni/Composer-Dropin-Installer.git",
                "reference": "2ebddd0ead26f52962be385dcc85057be4c5a69e"
            },
            "dist": {
                "type": "zip",
                "url": "https://api.github.com/repos/Koodimonni/Composer-Dropin-Installer/zipball/2ebddd0ead26f52962be385dcc85057be4c5a69e",
                "reference": "2ebddd0ead26f52962be385dcc85057be4c5a69e",
                "shasum": ""
            },
            "require": {
                "composer-plugin-api": "^1.0 | ^2.0",
                "php": ">=5.3.2"
            },
            "require-dev": {
                "phpunit/phpunit": "^5.7"
            },
            "type": "composer-plugin",
            "extra": {
                "class": "Koodimonni\\Composer\\Dropin"
            },
            "autoload": {
                "psr-4": {
                    "Koodimonni\\Composer\\": "src/"
                }
            },
            "notification-url": "https://packagist.org/downloads/",
            "license": [
                "WTFPL"
            ],
            "authors": [
                {
                    "name": "Onni Hakala",
                    "email": "onni@koodimonni.fi",
                    "role": "Developer"
                }
            ],
            "description": "Install packages or a few files from packages into custom paths without overwriting existing stuff.",
            "time": "2020-08-17T07:41:05+00:00"
        },
        {
            "name": "ministryofjustice/wp-moj-components",
            "version": "3.3.1",
            "source": {
                "type": "git",
                "url": "https://github.com/ministryofjustice/wp-moj-components.git",
                "reference": "56fc4277f7a42a61563951450ff3a486ffcf184d"
            },
            "dist": {
                "type": "zip",
                "url": "https://composer.wp.dsd.io/dist/ministryofjustice/wp-moj-components/ministryofjustice-wp-moj-components-56fc4277f7a42a61563951450ff3a486ffcf184d-zip-bc6109.zip",
                "reference": "56fc4277f7a42a61563951450ff3a486ffcf184d",
                "shasum": "fe8fc116767f57e3c36265e8a2f889e9b2f29b53"
            },
            "require": {
                "composer/installers": "^1.0"
            },
            "require-dev": {
                "10up/wp_mock": "0.4.2",
                "phpmd/phpmd": "^2.7",
                "squizlabs/php_codesniffer": "^3.5"
            },
            "type": "wordpress-muplugin",
            "autoload": {
                "psr-4": {
                    "component\\Introduce\\": "component/Introduce/",
                    "component\\Security\\": "component/Security/"
                }
            },
            "scripts": {
                "test": [
                    "vendor/bin/phpunit",
                    "vendor/bin/phpcs -p",
                    "vendor/bin/phpmd component/ text cleancode,codesize,controversial,design,naming,unusedcode"
                ],
                "coverage": [
                    "vendor/bin/phpunit --coverage-html coverage --whitelist component"
                ]
            },
            "authors": [
                {
                    "name": "Damien Wilson",
                    "email": "damien.wilson@digital.justice.gov.uk"
                }
            ],
            "description": "A plugin to introduce global functions to a collection of WP sites",
            "support": {
                "source": "https://github.com/ministryofjustice/wp-moj-components/tree/3.3.1",
                "issues": "https://github.com/ministryofjustice/wp-moj-components/issues"
            },
            "time": "2020-08-14T13:39:13+00:00"
        },
        {
            "name": "ministryofjustice/wp-rewrite-media-to-s3",
            "version": "0.1.1",
            "source": {
                "type": "git",
                "url": "https://github.com/ministryofjustice/wp-rewrite-media-to-s3.git",
                "reference": "8c9c6fee624787ccc14ecd22ddfc5e73f456be81"
            },
            "dist": {
                "type": "zip",
                "url": "https://composer.wp.dsd.io/dist/ministryofjustice/wp-rewrite-media-to-s3/ministryofjustice-wp-rewrite-media-to-s3-8c9c6fee624787ccc14ecd22ddfc5e73f456be81-zip-c4ed0a.zip",
                "reference": "8c9c6fee624787ccc14ecd22ddfc5e73f456be81",
                "shasum": "e3904039460079ce4168e577fc31d0818407efb7"
            },
            "require": {
                "composer/installers": "^1.0"
            },
            "type": "wordpress-plugin",
            "authors": [
                {
                    "name": "Ollie Treend",
                    "email": "ollie.treend@digital.justice.gov.uk"
                }
            ],
            "description": "A WordPress plugin which rewrites media attachment URLs to S3.",
            "support": {
                "source": "https://github.com/ministryofjustice/wp-rewrite-media-to-s3/tree/0.1.1",
                "issues": "https://github.com/ministryofjustice/wp-rewrite-media-to-s3/issues"
            },
            "time": "2017-03-06T17:20:15+00:00"
        },
        {
            "name": "ministryofjustice/wp-user-roles",
            "version": "0.2.5",
            "source": {
                "type": "git",
                "url": "https://github.com/ministryofjustice/wp-user-roles.git",
                "reference": "62d7d2220e65e59cb200f243d36d18cf0ff84429"
            },
            "dist": {
                "type": "zip",
                "url": "https://composer.wp.dsd.io/dist/ministryofjustice/wp-user-roles/ministryofjustice-wp-user-roles-62d7d2220e65e59cb200f243d36d18cf0ff84429-zip-e5f1b4.zip",
                "reference": "62d7d2220e65e59cb200f243d36d18cf0ff84429",
                "shasum": "4b4891c9e35010f335e4d6fcc26d9b00ce9627a5"
            },
            "require": {
                "composer/installers": "^1.0"
            },
            "type": "wordpress-plugin",
            "authors": [
                {
                    "name": "Ollie Treend",
                    "email": "ollie.treend@digital.justice.gov.uk"
                },
                {
                    "name": "James Devon",
                    "email": "james.devon@digital.justice.gov.uk"
                },
                {
                    "name": "Damien Wilson",
                    "email": "damien.wilson@digital.justice.gov.uk"
                }
            ],
            "description": "A WordPress plugin to create user roles typically required by a MOJDigital WordPress site",
            "support": {
                "source": "https://github.com/ministryofjustice/wp-user-roles/tree/0.2.5",
                "issues": "https://github.com/ministryofjustice/wp-user-roles/issues"
            },
            "time": "2020-08-18T12:36:32+00:00"
        },
        {
            "name": "vlucas/phpdotenv",
            "version": "v1.0.9",
            "source": {
                "type": "git",
                "url": "https://github.com/vlucas/phpdotenv.git",
                "reference": "56c252d48dce336da97926591aed71805203815b"
            },
            "dist": {
                "type": "zip",
                "url": "https://api.github.com/repos/vlucas/phpdotenv/zipball/56c252d48dce336da97926591aed71805203815b",
                "reference": "56c252d48dce336da97926591aed71805203815b",
                "shasum": ""
            },
            "require": {
                "php": ">=5.3.2"
            },
            "require-dev": {
                "phpunit/phpunit": "~4.0"
            },
            "type": "library",
            "extra": {
                "branch-alias": {
                    "dev-master": "1.0-dev"
                }
            },
            "autoload": {
                "psr-0": {
                    "Dotenv": "src/"
                }
            },
            "notification-url": "https://packagist.org/downloads/",
            "license": [
                "BSD"
            ],
            "authors": [
                {
                    "name": "Vance Lucas",
                    "email": "vance@vancelucas.com",
                    "homepage": "http://www.vancelucas.com"
                }
            ],
            "description": "Loads environment variables from `.env` to `getenv()`, `$_ENV` and `$_SERVER` automagically.",
            "homepage": "http://github.com/vlucas/phpdotenv",
            "keywords": [
                "dotenv",
                "env",
                "environment"
            ],
            "time": "2014-10-16T14:50:21+00:00"
        },
        {
            "name": "wpackagist-plugin/analytify-analytics-dashboard-widget",
            "version": "1.1.4",
            "source": {
                "type": "svn",
                "url": "https://plugins.svn.wordpress.org/analytify-analytics-dashboard-widget/",
                "reference": "tags/1.1.4"
            },
            "dist": {
                "type": "zip",
                "url": "https://downloads.wordpress.org/plugin/analytify-analytics-dashboard-widget.1.1.4.zip"
            },
            "require": {
                "composer/installers": "~1.0"
            },
            "type": "wordpress-plugin",
            "homepage": "https://wordpress.org/plugins/analytify-analytics-dashboard-widget/"
        },
        {
            "name": "wpackagist-plugin/breadcrumb-trail",
            "version": "1.1.0",
            "source": {
                "type": "svn",
                "url": "https://plugins.svn.wordpress.org/breadcrumb-trail/",
                "reference": "tags/1.1.0"
            },
            "dist": {
                "type": "zip",
                "url": "https://downloads.wordpress.org/plugin/breadcrumb-trail.1.1.0.zip"
            },
            "require": {
                "composer/installers": "~1.0"
            },
            "type": "wordpress-plugin",
            "homepage": "https://wordpress.org/plugins/breadcrumb-trail/"
        },
        {
            "name": "wpackagist-plugin/classic-editor",
            "version": "1.6",
            "source": {
                "type": "svn",
                "url": "https://plugins.svn.wordpress.org/classic-editor/",
                "reference": "tags/1.6"
            },
            "dist": {
                "type": "zip",
                "url": "https://downloads.wordpress.org/plugin/classic-editor.1.6.zip"
            },
            "require": {
                "composer/installers": "~1.0"
            },
            "type": "wordpress-plugin",
            "homepage": "https://wordpress.org/plugins/classic-editor/"
        },
        {
            "name": "wpackagist-plugin/lightweight-grid-columns",
            "version": "1.0",
            "source": {
                "type": "svn",
                "url": "https://plugins.svn.wordpress.org/lightweight-grid-columns/",
                "reference": "tags/1.0"
            },
            "dist": {
                "type": "zip",
                "url": "https://downloads.wordpress.org/plugin/lightweight-grid-columns.1.0.zip"
            },
            "require": {
                "composer/installers": "~1.0"
            },
            "type": "wordpress-plugin",
            "homepage": "https://wordpress.org/plugins/lightweight-grid-columns/"
        },
        {
            "name": "wpackagist-plugin/menu-icons",
            "version": "0.12.5",
            "source": {
                "type": "svn",
                "url": "https://plugins.svn.wordpress.org/menu-icons/",
                "reference": "tags/0.12.5"
            },
            "dist": {
                "type": "zip",
                "url": "https://downloads.wordpress.org/plugin/menu-icons.0.12.5.zip"
            },
            "require": {
                "composer/installers": "~1.0"
            },
            "type": "wordpress-plugin",
            "homepage": "https://wordpress.org/plugins/menu-icons/"
        },
        {
            "name": "wpackagist-plugin/public-post-preview",
            "version": "2.9.2",
            "source": {
                "type": "svn",
                "url": "https://plugins.svn.wordpress.org/public-post-preview/",
                "reference": "tags/2.9.2"
            },
            "dist": {
                "type": "zip",
                "url": "https://downloads.wordpress.org/plugin/public-post-preview.2.9.2.zip"
            },
            "require": {
                "composer/installers": "~1.0"
            },
            "type": "wordpress-plugin",
            "homepage": "https://wordpress.org/plugins/public-post-preview/"
        },
        {
            "name": "wpackagist-plugin/tabby-responsive-tabs",
            "version": "1.2.3",
            "source": {
                "type": "svn",
                "url": "https://plugins.svn.wordpress.org/tabby-responsive-tabs/",
                "reference": "tags/1.2.3"
            },
            "dist": {
                "type": "zip",
                "url": "https://downloads.wordpress.org/plugin/tabby-responsive-tabs.1.2.3.zip"
            },
            "require": {
                "composer/installers": "~1.0"
            },
            "type": "wordpress-plugin",
            "homepage": "https://wordpress.org/plugins/tabby-responsive-tabs/"
        },
        {
            "name": "wpackagist-plugin/wp-analytify",
            "version": "3.1.5",
            "source": {
                "type": "svn",
                "url": "https://plugins.svn.wordpress.org/wp-analytify/",
                "reference": "tags/3.1.5"
            },
            "dist": {
                "type": "zip",
                "url": "https://downloads.wordpress.org/plugin/wp-analytify.3.1.5.zip"
            },
            "require": {
                "composer/installers": "~1.0"
            },
            "type": "wordpress-plugin",
            "homepage": "https://wordpress.org/plugins/wp-analytify/"
        },
        {
            "name": "wpackagist-plugin/wp-nested-pages",
            "version": "3.1.11",
            "source": {
                "type": "svn",
                "url": "https://plugins.svn.wordpress.org/wp-nested-pages/",
                "reference": "tags/3.1.11"
            },
            "dist": {
                "type": "zip",
                "url": "https://downloads.wordpress.org/plugin/wp-nested-pages.3.1.11.zip"
            },
            "require": {
                "composer/installers": "~1.0"
            },
            "type": "wordpress-plugin",
            "homepage": "https://wordpress.org/plugins/wp-nested-pages/"
        }
    ],
    "packages-dev": [
        {
            "name": "squizlabs/php_codesniffer",
            "version": "3.5.8",
            "source": {
                "type": "git",
                "url": "https://github.com/squizlabs/PHP_CodeSniffer.git",
                "reference": "9d583721a7157ee997f235f327de038e7ea6dac4"
            },
            "dist": {
                "type": "zip",
                "url": "https://api.github.com/repos/squizlabs/PHP_CodeSniffer/zipball/9d583721a7157ee997f235f327de038e7ea6dac4",
                "reference": "9d583721a7157ee997f235f327de038e7ea6dac4",
                "shasum": ""
            },
            "require": {
                "ext-simplexml": "*",
                "ext-tokenizer": "*",
                "ext-xmlwriter": "*",
                "php": ">=5.4.0"
            },
            "require-dev": {
                "phpunit/phpunit": "^4.0 || ^5.0 || ^6.0 || ^7.0"
            },
            "bin": [
                "bin/phpcs",
                "bin/phpcbf"
            ],
            "type": "library",
            "extra": {
                "branch-alias": {
                    "dev-master": "3.x-dev"
                }
            },
            "notification-url": "https://packagist.org/downloads/",
            "license": [
                "BSD-3-Clause"
            ],
            "authors": [
                {
                    "name": "Greg Sherwood",
                    "role": "lead"
                }
            ],
            "description": "PHP_CodeSniffer tokenizes PHP, JavaScript and CSS files and detects violations of a defined set of coding standards.",
            "homepage": "https://github.com/squizlabs/PHP_CodeSniffer",
            "keywords": [
                "phpcs",
                "standards"
            ],
            "time": "2020-10-23T02:01:07+00:00"
        }
    ],
    "aliases": [],
    "minimum-stability": "stable",
    "stability-flags": [],
    "prefer-stable": false,
    "prefer-lowest": false,
    "platform": {
        "php": ">=7.1"
    },
    "platform-dev": [],
    "plugin-api-version": "1.1.0"
}
